// !$*UTF8*$!
{
	archiveVersion = 1;
	classes = {
	};
	objectVersion = 46;
	objects = {

/* Begin PBXBuildFile section */
		04F0567C1CC785FB0017990C /* main.m in Sources */ = {isa = PBXBuildFile; fileRef = 04F0567B1CC785FB0017990C /* main.m */; };
		04F0567F1CC785FB0017990C /* AppDelegate.m in Sources */ = {isa = PBXBuildFile; fileRef = 04F0567E1CC785FB0017990C /* AppDelegate.m */; };
		04F056821CC785FB0017990C /* ViewController.m in Sources */ = {isa = PBXBuildFile; fileRef = 04F056811CC785FB0017990C /* ViewController.m */; };
		04F056851CC785FB0017990C /* Main.storyboard in Resources */ = {isa = PBXBuildFile; fileRef = 04F056831CC785FB0017990C /* Main.storyboard */; };
		04F056881CC785FB0017990C /* CoreDataDemo.xcdatamodeld in Sources */ = {isa = PBXBuildFile; fileRef = 04F056861CC785FB0017990C /* CoreDataDemo.xcdatamodeld */; };
		04F0568A1CC785FB0017990C /* Assets.xcassets in Resources */ = {isa = PBXBuildFile; fileRef = 04F056891CC785FB0017990C /* Assets.xcassets */; };
		04F0568D1CC785FB0017990C /* LaunchScreen.storyboard in Resources */ = {isa = PBXBuildFile; fileRef = 04F0568B1CC785FB0017990C /* LaunchScreen.storyboard */; };
		04F056981CC785FB0017990C /* CoreDataDemoTests.m in Sources */ = {isa = PBXBuildFile; fileRef = 04F056971CC785FB0017990C /* CoreDataDemoTests.m */; };
		04F056A31CC785FC0017990C /* CoreDataDemoUITests.m in Sources */ = {isa = PBXBuildFile; fileRef = 04F056A21CC785FC0017990C /* CoreDataDemoUITests.m */; };
		04F056BB1CC79C620017990C /* TMSliderModel.m in Sources */ = {isa = PBXBuildFile; fileRef = 04F056BA1CC79C620017990C /* TMSliderModel.m */; };
/* End PBXBuildFile section */

/* Begin PBXContainerItemProxy section */
		04F056941CC785FB0017990C /* PBXContainerItemProxy */ = {
			isa = PBXContainerItemProxy;
			containerPortal = 04F0566F1CC785FA0017990C /* Project object */;
			proxyType = 1;
			remoteGlobalIDString = 04F056761CC785FB0017990C;
			remoteInfo = CoreDataDemo;
		};
		04F0569F1CC785FB0017990C /* PBXContainerItemProxy */ = {
			isa = PBXContainerItemProxy;
			containerPortal = 04F0566F1CC785FA0017990C /* Project object */;
			proxyType = 1;
			remoteGlobalIDString = 04F056761CC785FB0017990C;
			remoteInfo = CoreDataDemo;
		};
/* End PBXContainerItemProxy section */

/* Begin PBXFileReference section */
		04F056771CC785FB0017990C /* CoreDataDemo.app */ = {isa = PBXFileReference; explicitFileType = wrapper.application; includeInIndex = 0; path = CoreDataDemo.app; sourceTree = BUILT_PRODUCTS_DIR; };
		04F0567B1CC785FB0017990C /* main.m */ = {isa = PBXFileReference; lastKnownFileType = sourcecode.c.objc; path = main.m; sourceTree = "<group>"; };
		04F0567D1CC785FB0017990C /* AppDelegate.h */ = {isa = PBXFileReference; lastKnownFileType = sourcecode.c.h; path = AppDelegate.h; sourceTree = "<group>"; };
		04F0567E1CC785FB0017990C /* AppDelegate.m */ = {isa = PBXFileReference; lastKnownFileType = sourcecode.c.objc; path = AppDelegate.m; sourceTree = "<group>"; };
		04F056801CC785FB0017990C /* ViewController.h */ = {isa = PBXFileReference; lastKnownFileType = sourcecode.c.h; path = ViewController.h; sourceTree = "<group>"; };
		04F056811CC785FB0017990C /* ViewController.m */ = {isa = PBXFileReference; lastKnownFileType = sourcecode.c.objc; path = ViewController.m; sourceTree = "<group>"; };
		04F056841CC785FB0017990C /* Base */ = {isa = PBXFileReference; lastKnownFileType = file.storyboard; name = Base; path = Base.lproj/Main.storyboard; sourceTree = "<group>"; };
		04F056871CC785FB0017990C /* CoreDataDemo.xcdatamodel */ = {isa = PBXFileReference; lastKnownFileType = wrapper.xcdatamodel; path = CoreDataDemo.xcdatamodel; sourceTree = "<group>"; };
		04F056891CC785FB0017990C /* Assets.xcassets */ = {isa = PBXFileReference; lastKnownFileType = folder.assetcatalog; path = Assets.xcassets; sourceTree = "<group>"; };
		04F0568C1CC785FB0017990C /* Base */ = {isa = PBXFileReference; lastKnownFileType = file.storyboard; name = Base; path = Base.lproj/LaunchScreen.storyboard; sourceTree = "<group>"; };
		04F0568E1CC785FB0017990C /* Info.plist */ = {isa = PBXFileReference; lastKnownFileType = text.plist.xml; path = Info.plist; sourceTree = "<group>"; };
		04F056931CC785FB0017990C /* CoreDataDemoTests.xctest */ = {isa = PBXFileReference; explicitFileType = wrapper.cfbundle; includeInIndex = 0; path = CoreDataDemoTests.xctest; sourceTree = BUILT_PRODUCTS_DIR; };
		04F056971CC785FB0017990C /* CoreDataDemoTests.m */ = {isa = PBXFileReference; lastKnownFileType = sourcecode.c.objc; path = CoreDataDemoTests.m; sourceTree = "<group>"; };
		04F056991CC785FB0017990C /* Info.plist */ = {isa = PBXFileReference; lastKnownFileType = text.plist.xml; path = Info.plist; sourceTree = "<group>"; };
		04F0569E1CC785FB0017990C /* CoreDataDemoUITests.xctest */ = {isa = PBXFileReference; explicitFileType = wrapper.cfbundle; includeInIndex = 0; path = CoreDataDemoUITests.xctest; sourceTree = BUILT_PRODUCTS_DIR; };
		04F056A21CC785FC0017990C /* CoreDataDemoUITests.m */ = {isa = PBXFileReference; lastKnownFileType = sourcecode.c.objc; path = CoreDataDemoUITests.m; sourceTree = "<group>"; };
		04F056A41CC785FC0017990C /* Info.plist */ = {isa = PBXFileReference; lastKnownFileType = text.plist.xml; path = Info.plist; sourceTree = "<group>"; };
		04F056B91CC79C620017990C /* TMSliderModel.h */ = {isa = PBXFileReference; fileEncoding = 4; lastKnownFileType = sourcecode.c.h; path = TMSliderModel.h; sourceTree = "<group>"; };
		04F056BA1CC79C620017990C /* TMSliderModel.m */ = {isa = PBXFileReference; fileEncoding = 4; lastKnownFileType = sourcecode.c.objc; path = TMSliderModel.m; sourceTree = "<group>"; };
		04F6DD3B1CC880B100DC6502 /* Header.h */ = {isa = PBXFileReference; fileEncoding = 4; lastKnownFileType = sourcecode.c.h; path = Header.h; sourceTree = "<group>"; };
/* End PBXFileReference section */

/* Begin PBXFrameworksBuildPhase section */
		04F056741CC785FB0017990C /* Frameworks */ = {
			isa = PBXFrameworksBuildPhase;
			buildActionMask = 2147483647;
			files = (
			);
			runOnlyForDeploymentPostprocessing = 0;
		};
		04F056901CC785FB0017990C /* Frameworks */ = {
			isa = PBXFrameworksBuildPhase;
			buildActionMask = 2147483647;
			files = (
			);
			runOnlyForDeploymentPostprocessing = 0;
		};
		04F0569B1CC785FB0017990C /* Frameworks */ = {
			isa = PBXFrameworksBuildPhase;
			buildActionMask = 2147483647;
			files = (
			);
			runOnlyForDeploymentPostprocessing = 0;
		};
/* End PBXFrameworksBuildPhase section */

/* Begin PBXGroup section */
		04F0566E1CC785FA0017990C = {
			isa = PBXGroup;
			children = (
				04F056791CC785FB0017990C /* CoreDataDemo */,
				04F056961CC785FB0017990C /* CoreDataDemoTests */,
				04F056A11CC785FB0017990C /* CoreDataDemoUITests */,
				04F056781CC785FB0017990C /* Products */,
			);
			sourceTree = "<group>";
		};
		04F056781CC785FB0017990C /* Products */ = {
			isa = PBXGroup;
			children = (
				04F056771CC785FB0017990C /* CoreDataDemo.app */,
				04F056931CC785FB0017990C /* CoreDataDemoTests.xctest */,
				04F0569E1CC785FB0017990C /* CoreDataDemoUITests.xctest */,
			);
			name = Products;
			sourceTree = "<group>";
		};
		04F056791CC785FB0017990C /* CoreDataDemo */ = {
			isa = PBXGroup;
			children = (
				04F0567D1CC785FB0017990C /* AppDelegate.h */,
				04F0567E1CC785FB0017990C /* AppDelegate.m */,
				04F056801CC785FB0017990C /* ViewController.h */,
				04F056811CC785FB0017990C /* ViewController.m */,
				04F056B91CC79C620017990C /* TMSliderModel.h */,
				04F056BA1CC79C620017990C /* TMSliderModel.m */,
				04F6DD3B1CC880B100DC6502 /* Header.h */,
				04F056831CC785FB0017990C /* Main.storyboard */,
				04F056891CC785FB0017990C /* Assets.xcassets */,
				04F0568B1CC785FB0017990C /* LaunchScreen.storyboard */,
				04F0568E1CC785FB0017990C /* Info.plist */,
				04F056861CC785FB0017990C /* CoreDataDemo.xcdatamodeld */,
				04F0567A1CC785FB0017990C /* Supporting Files */,
			);
			path = CoreDataDemo;
			sourceTree = "<group>";
		};
		04F0567A1CC785FB0017990C /* Supporting Files */ = {
			isa = PBXGroup;
			children = (
				04F0567B1CC785FB0017990C /* main.m */,
			);
			name = "Supporting Files";
			sourceTree = "<group>";
		};
		04F056961CC785FB0017990C /* CoreDataDemoTests */ = {
			isa = PBXGroup;
			children = (
				04F056971CC785FB0017990C /* CoreDataDemoTests.m */,
				04F056991CC785FB0017990C /* Info.plist */,
			);
			path = CoreDataDemoTests;
			sourceTree = "<group>";
		};
		04F056A11CC785FB0017990C /* CoreDataDemoUITests */ = {
			isa = PBXGroup;
			children = (
				04F056A21CC785FC0017990C /* CoreDataDemoUITests.m */,
				04F056A41CC785FC0017990C /* Info.plist */,
			);
			path = CoreDataDemoUITests;
			sourceTree = "<group>";
		};
/* End PBXGroup section */

/* Begin PBXNativeTarget section */
		04F056761CC785FB0017990C /* CoreDataDemo */ = {
			isa = PBXNativeTarget;
			buildConfigurationList = 04F056A71CC785FC0017990C /* Build configuration list for PBXNativeTarget "CoreDataDemo" */;
			buildPhases = (
				04F056731CC785FB0017990C /* Sources */,
				04F056741CC785FB0017990C /* Frameworks */,
				04F056751CC785FB0017990C /* Resources */,
			);
			buildRules = (
			);
			dependencies = (
			);
			name = CoreDataDemo;
			productName = CoreDataDemo;
			productReference = 04F056771CC785FB0017990C /* CoreDataDemo.app */;
			productType = "com.apple.product-type.application";
		};
		04F056921CC785FB0017990C /* CoreDataDemoTests */ = {
			isa = PBXNativeTarget;
			buildConfigurationList = 04F056AA1CC785FC0017990C /* Build configuration list for PBXNativeTarget "CoreDataDemoTests" */;
			buildPhases = (
				04F0568F1CC785FB0017990C /* Sources */,
				04F056901CC785FB0017990C /* Frameworks */,
				04F056911CC785FB0017990C /* Resources */,
			);
			buildRules = (
			);
			dependencies = (
				04F056951CC785FB0017990C /* PBXTargetDependency */,
			);
			name = CoreDataDemoTests;
			productName = CoreDataDemoTests;
			productReference = 04F056931CC785FB0017990C /* CoreDataDemoTests.xctest */;
			productType = "com.apple.product-type.bundle.unit-test";
		};
		04F0569D1CC785FB0017990C /* CoreDataDemoUITests */ = {
			isa = PBXNativeTarget;
			buildConfigurationList = 04F056AD1CC785FC0017990C /* Build configuration list for PBXNativeTarget "CoreDataDemoUITests" */;
			buildPhases = (
				04F0569A1CC785FB0017990C /* Sources */,
				04F0569B1CC785FB0017990C /* Frameworks */,
				04F0569C1CC785FB0017990C /* Resources */,
			);
			buildRules = (
			);
			dependencies = (
				04F056A01CC785FB0017990C /* PBXTargetDependency */,
			);
			name = CoreDataDemoUITests;
			productName = CoreDataDemoUITests;
			productReference = 04F0569E1CC785FB0017990C /* CoreDataDemoUITests.xctest */;
			productType = "com.apple.product-type.bundle.ui-testing";
		};
/* End PBXNativeTarget section */

/* Begin PBXProject section */
		04F0566F1CC785FA0017990C /* Project object */ = {
			isa = PBXProject;
			attributes = {
				LastUpgradeCheck = 0730;
				ORGANIZATIONNAME = Taskmall;
				TargetAttributes = {
					04F056761CC785FB0017990C = {
						CreatedOnToolsVersion = 7.3;
					};
					04F056921CC785FB0017990C = {
						CreatedOnToolsVersion = 7.3;
						TestTargetID = 04F056761CC785FB0017990C;
					};
					04F0569D1CC785FB0017990C = {
						CreatedOnToolsVersion = 7.3;
						TestTargetID = 04F056761CC785FB0017990C;
					};
				};
			};
			buildConfigurationList = 04F056721CC785FA0017990C /* Build configuration list for PBXProject "CoreDataDemo" */;
			compatibilityVersion = "Xcode 3.2";
			developmentRegion = English;
			hasScannedForEncodings = 0;
			knownRegions = (
				en,
				Base,
			);
			mainGroup = 04F0566E1CC785FA0017990C;
			productRefGroup = 04F056781CC785FB0017990C /* Products */;
			projectDirPath = "";
			projectRoot = "";
			targets = (
				04F056761CC785FB0017990C /* CoreDataDemo */,
				04F056921CC785FB0017990C /* CoreDataDemoTests */,
				04F0569D1CC785FB0017990C /* CoreDataDemoUITests */,
			);
		};
/* End PBXProject section */

/* Begin PBXResourcesBuildPhase section */
		04F056751CC785FB0017990C /* Resources */ = {
			isa = PBXResourcesBuildPhase;
			buildActionMask = 2147483647;
			files = (
				04F0568D1CC785FB0017990C /* LaunchScreen.storyboard in Resources */,
				04F0568A1CC785FB0017990C /* Assets.xcassets in Resources */,
				04F056851CC785FB0017990C /* Main.storyboard in Resources */,
			);
			runOnlyForDeploymentPostprocessing = 0;
		};
		04F056911CC785FB0017990C /* Resources */ = {
			isa = PBXResourcesBuildPhase;
			buildActionMask = 2147483647;
			files = (
			);
			runOnlyForDeploymentPostprocessing = 0;
		};
		04F0569C1CC785FB0017990C /* Resources */ = {
			isa = PBXResourcesBuildPhase;
			buildActionMask = 2147483647;
			files = (
			);
			runOnlyForDeploymentPostprocessing = 0;
		};
/* End PBXResourcesBuildPhase section */

/* Begin PBXSourcesBuildPhase section */
		04F056731CC785FB0017990C /* Sources */ = {
			isa = PBXSourcesBuildPhase;
			buildActionMask = 2147483647;
			files = (
				04F056821CC785FB0017990C /* ViewController.m in Sources */,
				04F056BB1CC79C620017990C /* TMSliderModel.m in Sources */,
				04F056881CC785FB0017990C /* CoreDataDemo.xcdatamodeld in Sources */,
				04F0567F1CC785FB0017990C /* AppDelegate.m in Sources */,
				04F0567C1CC785FB0017990C /* main.m in Sources */,
			);
			runOnlyForDeploymentPostprocessing = 0;
		};
		04F0568F1CC785FB0017990C /* Sources */ = {
			isa = PBXSourcesBuildPhase;
			buildActionMask = 2147483647;
			files = (
				04F056981CC785FB0017990C /* CoreDataDemoTests.m in Sources */,
			);
			runOnlyForDeploymentPostprocessing = 0;
		};
		04F0569A1CC785FB0017990C /* Sources */ = {
			isa = PBXSourcesBuildPhase;
			buildActionMask = 2147483647;
			files = (
				04F056A31CC785FC0017990C /* CoreDataDemoUITests.m in Sources */,
			);
			runOnlyForDeploymentPostprocessing = 0;
		};
/* End PBXSourcesBuildPhase section */

/* Begin PBXTargetDependency section */
		04F056951CC785FB0017990C /* PBXTargetDependency */ = {
			isa = PBXTargetDependency;
			target = 04F056761CC785FB0017990C /* CoreDataDemo */;
			targetProxy = 04F056941CC785FB0017990C /* PBXContainerItemProxy */;
		};
		04F056A01CC785FB0017990C /* PBXTargetDependency */ = {
			isa = PBXTargetDependency;
			target = 04F056761CC785FB0017990C /* CoreDataDemo */;
			targetProxy = 04F0569F1CC785FB0017990C /* PBXContainerItemProxy */;
		};
/* End PBXTargetDependency section */

/* Begin PBXVariantGroup section */
		04F056831CC785FB0017990C /* Main.storyboard */ = {
			isa = PBXVariantGroup;
			children = (
				04F056841CC785FB0017990C /* Base */,
			);
			name = Main.storyboard;
			sourceTree = "<group>";
		};
		04F0568B1CC785FB0017990C /* LaunchScreen.storyboard */ = {
			isa = PBXVariantGroup;
			children = (
				04F0568C1CC785FB0017990C /* Base */,
			);
			name = LaunchScreen.storyboard;
			sourceTree = "<group>";
		};
/* End PBXVariantGroup section */

/* Begin XCBuildConfiguration section */
		04F056A51CC785FC0017990C /* Debug */ = {
			isa = XCBuildConfiguration;
			buildSettings = {
				ALWAYS_SEARCH_USER_PATHS = NO;
				CLANG_ANALYZER_NONNULL = YES;
				CLANG_CXX_LANGUAGE_STANDARD = "gnu++0x";
				CLANG_CXX_LIBRARY = "libc++";
				CLANG_ENABLE_MODULES = YES;
				CLANG_ENABLE_OBJC_ARC = YES;
				CLANG_WARN_BOOL_CONVERSION = YES;
				CLANG_WARN_CONSTANT_CONVERSION = YES;
				CLANG_WARN_DIRECT_OBJC_ISA_USAGE = YES_ERROR;
				CLANG_WARN_EMPTY_BODY = YES;
				CLANG_WARN_ENUM_CONVERSION = YES;
				CLANG_WARN_INT_CONVERSION = YES;
				CLANG_WARN_OBJC_ROOT_CLASS = YES_ERROR;
				CLANG_WARN_UNREACHABLE_CODE = YES;
				CLANG_WARN__DUPLICATE_METHOD_MATCH = YES;
				"CODE_SIGN_IDENTITY[sdk=iphoneos*]" = "iPhone Developer";
				COPY_PHASE_STRIP = NO;
				DEBUG_INFORMATION_FORMAT = dwarf;
				ENABLE_STRICT_OBJC_MSGSEND = YES;
				ENABLE_TESTABILITY = YES;
				GCC_C_LANGUAGE_STANDARD = gnu99;
				GCC_DYNAMIC_NO_PIC = NO;
				GCC_NO_COMMON_BLOCKS = YES;
				GCC_OPTIMIZATION_LEVEL = 0;
				GCC_PREPROCESSOR_DEFINITIONS = (
					"DEBUG=1",
					"$(inherited)",
				);
				GCC_WARN_64_TO_32_BIT_CONVERSION = YES;
				GCC_WARN_ABOUT_RETURN_TYPE = YES_ERROR;
				GCC_WARN_UNDECLARED_SELECTOR = YES;
				GCC_WARN_UNINITIALIZED_AUTOS = YES_AGGRESSIVE;
				GCC_WARN_UNUSED_FUNCTION = YES;
				GCC_WARN_UNUSED_VARIABLE = YES;
				IPHONEOS_DEPLOYMENT_TARGET = 9.3;
				MTL_ENABLE_DEBUG_INFO = YES;
				ONLY_ACTIVE_ARCH = YES;
				SDKROOT = iphoneos;
			};
			name = Debug;
		};
		04F056A61CC785FC0017990C /* Release */ = {
			isa = XCBuildConfiguration;
			buildSettings = {
				ALWAYS_SEARCH_USER_PATHS = NO;
				CLANG_ANALYZER_NONNULL = YES;
				CLANG_CXX_LANGUAGE_STANDARD = "gnu++0x";
				CLANG_CXX_LIBRARY = "libc++";
				CLANG_ENABLE_MODULES = YES;
				CLANG_ENABLE_OBJC_ARC = YES;
				CLANG_WARN_BOOL_CONVERSION = YES;
				CLANG_WARN_CONSTANT_CONVERSION = YES;
				CLANG_WARN_DIRECT_OBJC_ISA_USAGE = YES_ERROR;
				CLANG_WARN_EMPTY_BODY = YES;
				CLANG_WARN_ENUM_CONVERSION = YES;
				CLANG_WARN_INT_CONVERSION = YES;
				CLANG_WARN_OBJC_ROOT_CLASS = YES_ERROR;
				CLANG_WARN_UNREACHABLE_CODE = YES;
				CLANG_WARN__DUPLICATE_METHOD_MATCH = YES;
				"CODE_SIGN_IDENTITY[sdk=iphoneos*]" = "iPhone Developer";
				COPY_PHASE_STRIP = NO;
				DEBUG_INFORMATION_FORMAT = "dwarf-with-dsym";
				ENABLE_NS_ASSERTIONS = NO;
				ENABLE_STRICT_OBJC_MSGSEND = YES;
				GCC_C_LANGUAGE_STANDARD = gnu99;
				GCC_NO_COMMON_BLOCKS = YES;
				GCC_WARN_64_TO_32_BIT_CONVERSION = YES;
				GCC_WARN_ABOUT_RETURN_TYPE = YES_ERROR;
				GCC_WARN_UNDECLARED_SELECTOR = YES;
				GCC_WARN_UNINITIALIZED_AUTOS = YES_AGGRESSIVE;
				GCC_WARN_UNUSED_FUNCTION = YES;
				GCC_WARN_UNUSED_VARIABLE = YES;
				IPHONEOS_DEPLOYMENT_TARGET = 9.3;
				MTL_ENABLE_DEBUG_INFO = NO;
				SDKROOT = iphoneos;
				VALIDATE_PRODUCT = YES;
			};
			name = Release;
		};
		04F056A81CC785FC0017990C /* Debug */ = {
			isa = XCBuildConfiguration;
			buildSettings = {
				ASSETCATALOG_COMPILER_APPICON_NAME = AppIcon;
				INFOPLIST_FILE = CoreDataDemo/Info.plist;
				LD_RUNPATH_SEARCH_PATHS = "$(inherited) @executable_path/Frameworks";
				PRODUCT_BUNDLE_IDENTIFIER = cn.taskmall.www.CoreDataDemo;
				PRODUCT_NAME = "$(TARGET_NAME)";
			};
			name = Debug;
		};
		04F056A91CC785FC0017990C /* Release */ = {
			isa = XCBuildConfiguration;
			buildSettings = {
				ASSETCATALOG_COMPILER_APPICON_NAME = AppIcon;
				INFOPLIST_FILE = CoreDataDemo/Info.plist;
				LD_RUNPATH_SEARCH_PATHS = "$(inherited) @executable_path/Frameworks";
				PRODUCT_BUNDLE_IDENTIFIER = cn.taskmall.www.CoreDataDemo;
				PRODUCT_NAME = "$(TARGET_NAME)";
			};
			name = Release;
		};
		04F056AB1CC785FC0017990C /* Debug */ = {
			isa = XCBuildConfiguration;
			buildSettings = {
				BUNDLE_LOADER = "$(TEST_HOST)";
				INFOPLIST_FILE = CoreDataDemoTests/Info.plist;
				LD_RUNPATH_SEARCH_PATHS = "$(inherited) @executable_path/Frameworks @loader_path/Frameworks";
				PRODUCT_BUNDLE_IDENTIFIER = cn.taskmall.www.CoreDataDemoTests;
				PRODUCT_NAME = "$(TARGET_NAME)";
				TEST_HOST = "$(BUILT_PRODUCTS_DIR)/CoreDataDemo.app/CoreDataDemo";
			};
			name = Debug;
		};
		04F056AC1CC785FC0017990C /* Release */ = {
			isa = XCBuildConfiguration;
			buildSettings = {
				BUNDLE_LOADER = "$(TEST_HOST)";
				INFOPLIST_FILE = CoreDataDemoTests/Info.plist;
				LD_RUNPATH_SEARCH_PATHS = "$(inherited) @executable_path/Frameworks @loader_path/Frameworks";
				PRODUCT_BUNDLE_IDENTIFIER = cn.taskmall.www.CoreDataDemoTests;
				PRODUCT_NAME = "$(TARGET_NAME)";
				TEST_HOST = "$(BUILT_PRODUCTS_DIR)/CoreDataDemo.app/CoreDataDemo";
			};
			name = Release;
		};
		04F056AE1CC785FC0017990C /* Debug */ = {
			isa = XCBuildConfiguration;
			buildSettings = {
				INFOPLIST_FILE = CoreDataDemoUITests/Info.plist;
				LD_RUNPATH_SEARCH_PATHS = "$(inherited) @executable_path/Frameworks @loader_path/Frameworks";
				PRODUCT_BUNDLE_IDENTIFIER = cn.taskmall.www.CoreDataDemoUITests;
				PRODUCT_NAME = "$(TARGET_NAME)";
				TEST_TARGET_NAME = CoreDataDemo;
			};
			name = Debug;
		};
		04F056AF1CC785FC0017990C /* Release */ = {
			isa = XCBuildConfiguration;
			buildSettings = {
				INFOPLIST_FILE = CoreDataDemoUITests/Info.plist;
				LD_RUNPATH_SEARCH_PATHS = "$(inherited) @executable_path/Frameworks @loader_path/Frameworks";
				PRODUCT_BUNDLE_IDENTIFIER = cn.taskmall.www.CoreDataDemoUITests;
				PRODUCT_NAME = "$(TARGET_NAME)";
				TEST_TARGET_NAME = CoreDataDemo;
			};
			name = Release;
		};
/* End XCBuildConfiguration section */

/* Begin XCConfigurationList section */
		04F056721CC785FA0017990C /* Build configuration list for PBXProject "CoreDataDemo" */ = {
			isa = XCConfigurationList;
			buildConfigurations = (
				04F056A51CC785FC0017990C /* Debug */,
				04F056A61CC785FC0017990C /* Release */,
			);
			defaultConfigurationIsVisible = 0;
			defaultConfigurationName = Release;
		};
		04F056A71CC785FC0017990C /* Build configuration list for PBXNativeTarget "CoreDataDemo" */ = {
			isa = XCConfigurationList;
			buildConfigurations = (
				04F056A81CC785FC0017990C /* Debug */,
				04F056A91CC785FC0017990C /* Release */,
			);
			defaultConfigurationIsVisible = 0;
			defaultConfigurationName = Release;
		};
		04F056AA1CC785FC0017990C /* Build configuration list for PBXNativeTarget "CoreDataDemoTests" */ = {
			isa = XCConfigurationList;
			buildConfigurations = (
				04F056AB1CC785FC0017990C /* Debug */,
				04F056AC1CC785FC0017990C /* Release */,
			);
			defaultConfigurationIsVisible = 0;
			defaultConfigurationName = Release;
		};
		04F056AD1CC785FC0017990C /* Build configuration list for PBXNativeTarget "CoreDataDemoUITests" */ = {
			isa = XCConfigurationList;
			buildConfigurations = (
				04F056AE1CC785FC0017990C /* Debug */,
				04F056AF1CC785FC0017990C /* Release */,
			);
			defaultConfigurationIsVisible = 0;
			defaultConfigurationName = Release;
		};
/* End XCConfigurationList section */

/* Begin XCVersionGroup section */
		04F056861CC785FB0017990C /* CoreDataDemo.xcdatamodeld */ = {
			isa = XCVersionGroup;
			children = (
				04F056871CC785FB0017990C /* CoreDataDemo.xcdatamodel */,
			);
			currentVersion = 04F056871CC785FB0017990C /* CoreDataDemo.xcdatamodel */;
			path = CoreDataDemo.xcdatamodeld;
			sourceTree = "<group>";
			versionGroupType = wrapper.xcdatamodel;
		};
/* End XCVersionGroup section */
	};
	rootObject = 04F0566F1CC785FA0017990C /* Project object */;
}
