// !$*UTF8*$!
{
	archiveVersion = 1;
	classes = {
	};
	objectVersion = 46;
	objects = {

/* Begin PBXBuildFile section */
		04B6A3B41D4F1DF100FC978D /* main.c in Sources */ = {isa = PBXBuildFile; fileRef = 04B6A3B31D4F1DF100FC978D /* main.c */; };
		04B6A3BC1D4F1E8F00FC978D /* print.c in Sources */ = {isa = PBXBuildFile; fileRef = 04B6A3BA1D4F1E8F00FC978D /* print.c */; };
/* End PBXBuildFile section */

/* Begin PBXCopyFilesBuildPhase section */
		04B6A3AE1D4F1DF100FC978D /* CopyFiles */ = {
			isa = PBXCopyFilesBuildPhase;
			buildActionMask = 2147483647;
			dstPath = /usr/share/man/man1/;
			dstSubfolderSpec = 0;
			files = (
			);
			runOnlyForDeploymentPostprocessing = 1;
		};
/* End PBXCopyFilesBuildPhase section */

/* Begin PBXFileReference section */
		04B6A3B01D4F1DF100FC978D /* HelloC */ = {isa = PBXFileReference; explicitFileType = "compiled.mach-o.executable"; includeInIndex = 0; path = HelloC; sourceTree = BUILT_PRODUCTS_DIR; };
		04B6A3B31D4F1DF100FC978D /* main.c */ = {isa = PBXFileReference; lastKnownFileType = sourcecode.c.c; path = main.c; sourceTree = "<group>"; };
		04B6A3BA1D4F1E8F00FC978D /* print.c */ = {isa = PBXFileReference; fileEncoding = 4; lastKnownFileType = sourcecode.c.c; path = print.c; sourceTree = "<group>"; };
		04B6A3BB1D4F1E8F00FC978D /* print.h */ = {isa = PBXFileReference; fileEncoding = 4; lastKnownFileType = sourcecode.c.h; path = print.h; sourceTree = "<group>"; };
/* End PBXFileReference section */

/* Begin PBXFrameworksBuildPhase section */
		04B6A3AD1D4F1DF100FC978D /* Frameworks */ = {
			isa = PBXFrameworksBuildPhase;
			buildActionMask = 2147483647;
			files = (
			);
			runOnlyForDeploymentPostprocessing = 0;
		};
/* End PBXFrameworksBuildPhase section */

/* Begin PBXGroup section */
		04B6A3A71D4F1DF100FC978D = {
			isa = PBXGroup;
			children = (
				04B6A3B21D4F1DF100FC978D /* HelloC */,
				04B6A3B11D4F1DF100FC978D /* Products */,
			);
			sourceTree = "<group>";
		};
		04B6A3B11D4F1DF100FC978D /* Products */ = {
			isa = PBXGroup;
			children = (
				04B6A3B01D4F1DF100FC978D /* HelloC */,
			);
			name = Products;
			sourceTree = "<group>";
		};
		04B6A3B21D4F1DF100FC978D /* HelloC */ = {
			isa = PBXGroup;
			children = (
				04B6A3B31D4F1DF100FC978D /* main.c */,
				04B6A3BA1D4F1E8F00FC978D /* print.c */,
				04B6A3BB1D4F1E8F00FC978D /* print.h */,
			);
			path = HelloC;
			sourceTree = "<group>";
		};
/* End PBXGroup section */

/* Begin PBXNativeTarget section */
		04B6A3AF1D4F1DF100FC978D /* HelloC */ = {
			isa = PBXNativeTarget;
			buildConfigurationList = 04B6A3B71D4F1DF100FC978D /* Build configuration list for PBXNativeTarget "HelloC" */;
			buildPhases = (
				04B6A3AC1D4F1DF100FC978D /* Sources */,
				04B6A3AD1D4F1DF100FC978D /* Frameworks */,
				04B6A3AE1D4F1DF100FC978D /* CopyFiles */,
			);
			buildRules = (
			);
			dependencies = (
			);
			name = HelloC;
			productName = HelloC;
			productReference = 04B6A3B01D4F1DF100FC978D /* HelloC */;
			productType = "com.apple.product-type.tool";
		};
/* End PBXNativeTarget section */

/* Begin PBXProject section */
		04B6A3A81D4F1DF100FC978D /* Project object */ = {
			isa = PBXProject;
			attributes = {
				LastUpgradeCheck = 0730;
				ORGANIZATIONNAME = Taskmall;
				TargetAttributes = {
					04B6A3AF1D4F1DF100FC978D = {
						CreatedOnToolsVersion = 7.3;
					};
				};
			};
			buildConfigurationList = 04B6A3AB1D4F1DF100FC978D /* Build configuration list for PBXProject "HelloC" */;
			compatibilityVersion = "Xcode 3.2";
			developmentRegion = English;
			hasScannedForEncodings = 0;
			knownRegions = (
				en,
			);
			mainGroup = 04B6A3A71D4F1DF100FC978D;
			productRefGroup = 04B6A3B11D4F1DF100FC978D /* Products */;
			projectDirPath = "";
			projectRoot = "";
			targets = (
				04B6A3AF1D4F1DF100FC978D /* HelloC */,
			);
		};
/* End PBXProject section */

/* Begin PBXSourcesBuildPhase section */
		04B6A3AC1D4F1DF100FC978D /* Sources */ = {
			isa = PBXSourcesBuildPhase;
			buildActionMask = 2147483647;
			files = (
				04B6A3B41D4F1DF100FC978D /* main.c in Sources */,
				04B6A3BC1D4F1E8F00FC978D /* print.c in Sources */,
			);
			runOnlyForDeploymentPostprocessing = 0;
		};
/* End PBXSourcesBuildPhase section */

/* Begin XCBuildConfiguration section */
		04B6A3B51D4F1DF100FC978D /* Debug */ = {
			isa = XCBuildConfiguration;
			buildSettings = {
				ALWAYS_SEARCH_USER_PATHS = NO;
				CLANG_ANALYZER_NONNULL = YES;
				CLANG_CXX_LANGUAGE_STANDARD = "gnu++0x";
				CLANG_CXX_LIBRARY = "libc++";
				CLANG_ENABLE_MODULES = YES;
				CLANG_ENABLE_OBJC_ARC = YES;
				CLANG_WARN_BOOL_CONVERSION = YES;
				CLANG_WARN_CONSTANT_CONVERSION = YES;
				CLANG_WARN_DIRECT_OBJC_ISA_USAGE = YES_ERROR;
				CLANG_WARN_EMPTY_BODY = YES;
				CLANG_WARN_ENUM_CONVERSION = YES;
				CLANG_WARN_INT_CONVERSION = YES;
				CLANG_WARN_OBJC_ROOT_CLASS = YES_ERROR;
				CLANG_WARN_UNREACHABLE_CODE = YES;
				CLANG_WARN__DUPLICATE_METHOD_MATCH = YES;
				CODE_SIGN_IDENTITY = "-";
				COPY_PHASE_STRIP = NO;
				DEBUG_INFORMATION_FORMAT = dwarf;
				ENABLE_STRICT_OBJC_MSGSEND = YES;
				ENABLE_TESTABILITY = YES;
				GCC_C_LANGUAGE_STANDARD = gnu99;
				GCC_DYNAMIC_NO_PIC = NO;
				GCC_NO_COMMON_BLOCKS = YES;
				GCC_OPTIMIZATION_LEVEL = 0;
				GCC_PREPROCESSOR_DEFINITIONS = (
					"DEBUG=1",
					"$(inherited)",
				);
				GCC_WARN_64_TO_32_BIT_CONVERSION = YES;
				GCC_WARN_ABOUT_RETURN_TYPE = YES_ERROR;
				GCC_WARN_UNDECLARED_SELECTOR = YES;
				GCC_WARN_UNINITIALIZED_AUTOS = YES_AGGRESSIVE;
				GCC_WARN_UNUSED_FUNCTION = YES;
				GCC_WARN_UNUSED_VARIABLE = YES;
				MACOSX_DEPLOYMENT_TARGET = 10.11;
				MTL_ENABLE_DEBUG_INFO = YES;
				ONLY_ACTIVE_ARCH = YES;
				SDKROOT = macosx;
			};
			name = Debug;
		};
		04B6A3B61D4F1DF100FC978D /* Release */ = {
			isa = XCBuildConfiguration;
			buildSettings = {
				ALWAYS_SEARCH_USER_PATHS = NO;
				CLANG_ANALYZER_NONNULL = YES;
				CLANG_CXX_LANGUAGE_STANDARD = "gnu++0x";
				CLANG_CXX_LIBRARY = "libc++";
				CLANG_ENABLE_MODULES = YES;
				CLANG_ENABLE_OBJC_ARC = YES;
				CLANG_WARN_BOOL_CONVERSION = YES;
				CLANG_WARN_CONSTANT_CONVERSION = YES;
				CLANG_WARN_DIRECT_OBJC_ISA_USAGE = YES_ERROR;
				CLANG_WARN_EMPTY_BODY = YES;
				CLANG_WARN_ENUM_CONVERSION = YES;
				CLANG_WARN_INT_CONVERSION = YES;
				CLANG_WARN_OBJC_ROOT_CLASS = YES_ERROR;
				CLANG_WARN_UNREACHABLE_CODE = YES;
				CLANG_WARN__DUPLICATE_METHOD_MATCH = YES;
				CODE_SIGN_IDENTITY = "-";
				COPY_PHASE_STRIP = NO;
				DEBUG_INFORMATION_FORMAT = "dwarf-with-dsym";
				ENABLE_NS_ASSERTIONS = NO;
				ENABLE_STRICT_OBJC_MSGSEND = YES;
				GCC_C_LANGUAGE_STANDARD = gnu99;
				GCC_NO_COMMON_BLOCKS = YES;
				GCC_WARN_64_TO_32_BIT_CONVERSION = YES;
				GCC_WARN_ABOUT_RETURN_TYPE = YES_ERROR;
				GCC_WARN_UNDECLARED_SELECTOR = YES;
				GCC_WARN_UNINITIALIZED_AUTOS = YES_AGGRESSIVE;
				GCC_WARN_UNUSED_FUNCTION = YES;
				GCC_WARN_UNUSED_VARIABLE = YES;
				MACOSX_DEPLOYMENT_TARGET = 10.11;
				MTL_ENABLE_DEBUG_INFO = NO;
				SDKROOT = macosx;
			};
			name = Release;
		};
		04B6A3B81D4F1DF100FC978D /* Debug */ = {
			isa = XCBuildConfiguration;
			buildSettings = {
				PRODUCT_NAME = "$(TARGET_NAME)";
			};
			name = Debug;
		};
		04B6A3B91D4F1DF100FC978D /* Release */ = {
			isa = XCBuildConfiguration;
			buildSettings = {
				PRODUCT_NAME = "$(TARGET_NAME)";
			};
			name = Release;
		};
/* End XCBuildConfiguration section */

/* Begin XCConfigurationList section */
		04B6A3AB1D4F1DF100FC978D /* Build configuration list for PBXProject "HelloC" */ = {
			isa = XCConfigurationList;
			buildConfigurations = (
				04B6A3B51D4F1DF100FC978D /* Debug */,
				04B6A3B61D4F1DF100FC978D /* Release */,
			);
			defaultConfigurationIsVisible = 0;
			defaultConfigurationName = Release;
		};
		04B6A3B71D4F1DF100FC978D /* Build configuration list for PBXNativeTarget "HelloC" */ = {
			isa = XCConfigurationList;
			buildConfigurations = (
				04B6A3B81D4F1DF100FC978D /* Debug */,
				04B6A3B91D4F1DF100FC978D /* Release */,
			);
			defaultConfigurationIsVisible = 0;
		};
/* End XCConfigurationList section */
	};
	rootObject = 04B6A3A81D4F1DF100FC978D /* Project object */;
}
